
Microsoft Visual Studio Solution File, Format Version 12.00
# Visual Studio Version 16
VisualStudioVersion = 16.0.30523.141
MinimumVisualStudioVersion = 10.0.40219.1
Project("{FAE04EC0-301F-11D3-BF4B-00C04F79EFBC}") = "iniParser", "iniParser\iniParser.csproj", "{50939AD8-BF9C-4C36-A7AC-8EA7B0E8BA18}"
EndProject
Global
	GlobalSection(SolutionConfigurationPlatforms) = preSolution
		Debug|Any CPU = Debug|Any CPU
		Release|Any CPU = Release|Any CPU
	EndGlobalSection
	GlobalSection(ProjectConfigurationPlatforms) = postSolution
		{50939AD8-BF9C-4C36-A7AC-8EA7B0E8BA18}.Debug|Any CPU.ActiveCfg = Debug|Any CPU
		{50939AD8-BF9C-4C36-A7AC-8EA7B0E8BA18}.Debug|Any CPU.Build.0 = Debug|Any CPU
		{50939AD8-BF9C-4C36-A7AC-8EA7B0E8BA18}.Release|Any CPU.ActiveCfg = Release|Any CPU
		{50939AD8-BF9C-4C36-A7AC-8EA7B0E8BA18}.Release|Any CPU.Build.0 = Release|Any CPU
	EndGlobalSection
	GlobalSection(SolutionProperties) = preSolution
		HideSolutionNode = FALSE
	EndGlobalSection
	GlobalSection(ExtensibilityGlobals) = postSolution
		SolutionGuid = {2275A0ED-179D-4571-81BD-42F988AE39CE}
	EndGlobalSection
EndGlobal
